// !$*UTF8*$!
{
	archiveVersion = 1;
	classes = {
	};
	objectVersion = 56;
	objects = {

/* Begin PBXBuildFile section */
		8248217429C40EAA00EDBFFD /* MyFruitMartApp.swift in Sources */ = {isa = PBXBuildFile; fileRef = 8248217329C40EAA00EDBFFD /* MyFruitMartApp.swift */; };
		8248217629C40EAA00EDBFFD /* Home.swift in Sources */ = {isa = PBXBuildFile; fileRef = 8248217529C40EAA00EDBFFD /* Home.swift */; };
		8248217829C40EAB00EDBFFD /* Assets.xcassets in Resources */ = {isa = PBXBuildFile; fileRef = 8248217729C40EAB00EDBFFD /* Assets.xcassets */; };
		8248217B29C40EAB00EDBFFD /* Preview Assets.xcassets in Resources */ = {isa = PBXBuildFile; fileRef = 8248217A29C40EAB00EDBFFD /* Preview Assets.xcassets */; };
		82940E6F29DEE94C000DEB11 /* ProductRow.swift in Sources */ = {isa = PBXBuildFile; fileRef = 82940E6E29DEE94C000DEB11 /* ProductRow.swift */; };
		82E26D3C29CD408C0012FD60 /* ColorExtension.swift in Sources */ = {isa = PBXBuildFile; fileRef = 82E26D3B29CD408C0012FD60 /* ColorExtension.swift */; };
		82E26D3F29CD44520012FD60 /* Product.swift in Sources */ = {isa = PBXBuildFile; fileRef = 82E26D3E29CD44520012FD60 /* Product.swift */; };
/* End PBXBuildFile section */

/* Begin PBXFileReference section */
		8248217029C40EAA00EDBFFD /* MyFruitMart.app */ = {isa = PBXFileReference; explicitFileType = wrapper.application; includeInIndex = 0; path = MyFruitMart.app; sourceTree = BUILT_PRODUCTS_DIR; };
		8248217329C40EAA00EDBFFD /* MyFruitMartApp.swift */ = {isa = PBXFileReference; lastKnownFileType = sourcecode.swift; path = MyFruitMartApp.swift; sourceTree = "<group>"; };
		8248217529C40EAA00EDBFFD /* Home.swift */ = {isa = PBXFileReference; lastKnownFileType = sourcecode.swift; path = Home.swift; sourceTree = "<group>"; };
		8248217729C40EAB00EDBFFD /* Assets.xcassets */ = {isa = PBXFileReference; lastKnownFileType = folder.assetcatalog; path = Assets.xcassets; sourceTree = "<group>"; };
		8248217A29C40EAB00EDBFFD /* Preview Assets.xcassets */ = {isa = PBXFileReference; lastKnownFileType = folder.assetcatalog; path = "Preview Assets.xcassets"; sourceTree = "<group>"; };
		8248218429C410BC00EDBFFD /* ProductData.json */ = {isa = PBXFileReference; lastKnownFileType = text.json; path = ProductData.json; sourceTree = "<group>"; };
		82940E6E29DEE94C000DEB11 /* ProductRow.swift */ = {isa = PBXFileReference; lastKnownFileType = sourcecode.swift; path = ProductRow.swift; sourceTree = "<group>"; };
		82E26D3B29CD408C0012FD60 /* ColorExtension.swift */ = {isa = PBXFileReference; lastKnownFileType = sourcecode.swift; path = ColorExtension.swift; sourceTree = "<group>"; };
		82E26D3E29CD44520012FD60 /* Product.swift */ = {isa = PBXFileReference; lastKnownFileType = sourcecode.swift; path = Product.swift; sourceTree = "<group>"; };
/* End PBXFileReference section */

/* Begin PBXFrameworksBuildPhase section */
		8248216D29C40EAA00EDBFFD /* Frameworks */ = {
			isa = PBXFrameworksBuildPhase;
			buildActionMask = 2147483647;
			files = (
			);
			runOnlyForDeploymentPostprocessing = 0;
		};
/* End PBXFrameworksBuildPhase section */

/* Begin PBXGroup section */
		8248216729C40EAA00EDBFFD = {
			isa = PBXGroup;
			children = (
				8248217229C40EAA00EDBFFD /* MyFruitMart */,
				8248217129C40EAA00EDBFFD /* Products */,
			);
			sourceTree = "<group>";
		};
		8248217129C40EAA00EDBFFD /* Products */ = {
			isa = PBXGroup;
			children = (
				8248217029C40EAA00EDBFFD /* MyFruitMart.app */,
			);
			name = Products;
			sourceTree = "<group>";
		};
		8248217229C40EAA00EDBFFD /* MyFruitMart */ = {
			isa = PBXGroup;
			children = (
				82B3788329DC8A0300996B88 /* Source */,
				8248218329C410B000EDBFFD /* Resources */,
				8248217929C40EAB00EDBFFD /* Preview Content */,
			);
			path = MyFruitMart;
			sourceTree = "<group>";
		};
		8248217929C40EAB00EDBFFD /* Preview Content */ = {
			isa = PBXGroup;
			children = (
				8248217A29C40EAB00EDBFFD /* Preview Assets.xcassets */,
			);
			path = "Preview Content";
			sourceTree = "<group>";
		};
		8248218329C410B000EDBFFD /* Resources */ = {
			isa = PBXGroup;
			children = (
				8248217729C40EAB00EDBFFD /* Assets.xcassets */,
				8248218429C410BC00EDBFFD /* ProductData.json */,
			);
			path = Resources;
			sourceTree = "<group>";
		};
		82B3788129DC89D300996B88 /* User Interface */ = {
			isa = PBXGroup;
			children = (
				82B3788229DC89E400996B88 /* Home */,
			);
			path = "User Interface";
			sourceTree = "<group>";
		};
		82B3788229DC89E400996B88 /* Home */ = {
			isa = PBXGroup;
			children = (
				8248217529C40EAA00EDBFFD /* Home.swift */,
				82940E6E29DEE94C000DEB11 /* ProductRow.swift */,
			);
			path = Home;
			sourceTree = "<group>";
		};
		82B3788329DC8A0300996B88 /* Source */ = {
			isa = PBXGroup;
			children = (
				8248217329C40EAA00EDBFFD /* MyFruitMartApp.swift */,
				82B3788129DC89D300996B88 /* User Interface */,
				82E26D3D29CD44370012FD60 /* Model */,
				82E26D3929CD406E0012FD60 /* Helper */,
			);
			path = Source;
			sourceTree = "<group>";
		};
		82E26D3929CD406E0012FD60 /* Helper */ = {
			isa = PBXGroup;
			children = (
				82E26D3A29CD40750012FD60 /* Extension */,
			);
			path = Helper;
			sourceTree = "<group>";
		};
		82E26D3A29CD40750012FD60 /* Extension */ = {
			isa = PBXGroup;
			children = (
				82E26D3B29CD408C0012FD60 /* ColorExtension.swift */,
			);
			path = Extension;
			sourceTree = "<group>";
		};
		82E26D3D29CD44370012FD60 /* Model */ = {
			isa = PBXGroup;
			children = (
				82E26D3E29CD44520012FD60 /* Product.swift */,
			);
			path = Model;
			sourceTree = "<group>";
		};
/* End PBXGroup section */

/* Begin PBXNativeTarget section */
		8248216F29C40EAA00EDBFFD /* MyFruitMart */ = {
			isa = PBXNativeTarget;
			buildConfigurationList = 8248217E29C40EAB00EDBFFD /* Build configuration list for PBXNativeTarget "MyFruitMart" */;
			buildPhases = (
				8248216C29C40EAA00EDBFFD /* Sources */,
				8248216D29C40EAA00EDBFFD /* Frameworks */,
				8248216E29C40EAA00EDBFFD /* Resources */,
			);
			buildRules = (
			);
			dependencies = (
			);
			name = MyFruitMart;
			productName = MyFruitMart;
			productReference = 8248217029C40EAA00EDBFFD /* MyFruitMart.app */;
			productType = "com.apple.product-type.application";
		};
/* End PBXNativeTarget section */

/* Begin PBXProject section */
		8248216829C40EAA00EDBFFD /* Project object */ = {
			isa = PBXProject;
			attributes = {
				BuildIndependentTargetsInParallel = 1;
				LastSwiftUpdateCheck = 1420;
				LastUpgradeCheck = 1420;
				TargetAttributes = {
					8248216F29C40EAA00EDBFFD = {
						CreatedOnToolsVersion = 14.2;
					};
				};
			};
			buildConfigurationList = 8248216B29C40EAA00EDBFFD /* Build configuration list for PBXProject "MyFruitMart" */;
			compatibilityVersion = "Xcode 14.0";
			developmentRegion = en;
			hasScannedForEncodings = 0;
			knownRegions = (
				en,
				Base,
			);
			mainGroup = 8248216729C40EAA00EDBFFD;
			productRefGroup = 8248217129C40EAA00EDBFFD /* Products */;
			projectDirPath = "";
			projectRoot = "";
			targets = (
				8248216F29C40EAA00EDBFFD /* MyFruitMart */,
			);
		};
/* End PBXProject section */

/* Begin PBXResourcesBuildPhase section */
		8248216E29C40EAA00EDBFFD /* Resources */ = {
			isa = PBXResourcesBuildPhase;
			buildActionMask = 2147483647;
			files = (
				8248217B29C40EAB00EDBFFD /* Preview Assets.xcassets in Resources */,
				8248217829C40EAB00EDBFFD /* Assets.xcassets in Resources */,
			);
			runOnlyForDeploymentPostprocessing = 0;
		};
/* End PBXResourcesBuildPhase section */

/* Begin PBXSourcesBuildPhase section */
		8248216C29C40EAA00EDBFFD /* Sources */ = {
			isa = PBXSourcesBuildPhase;
			buildActionMask = 2147483647;
			files = (
				8248217629C40EAA00EDBFFD /* Home.swift in Sources */,
				8248217429C40EAA00EDBFFD /* MyFruitMartApp.swift in Sources */,
				82940E6F29DEE94C000DEB11 /* ProductRow.swift in Sources */,
				82E26D3F29CD44520012FD60 /* Product.swift in Sources */,
				82E26D3C29CD408C0012FD60 /* ColorExtension.swift in Sources */,
			);
			runOnlyForDeploymentPostprocessing = 0;
		};
/* End PBXSourcesBuildPhase section */

/* Begin XCBuildConfiguration section */
		8248217C29C40EAB00EDBFFD /* Debug */ = {
			isa = XCBuildConfiguration;
			buildSettings = {
				ALWAYS_SEARCH_USER_PATHS = NO;
				CLANG_ANALYZER_NONNULL = YES;
				CLANG_ANALYZER_NUMBER_OBJECT_CONVERSION = YES_AGGRESSIVE;
				CLANG_CXX_LANGUAGE_STANDARD = "gnu++20";
				CLANG_ENABLE_MODULES = YES;
				CLANG_ENABLE_OBJC_ARC = YES;
				CLANG_ENABLE_OBJC_WEAK = YES;
				CLANG_WARN_BLOCK_CAPTURE_AUTORELEASING = YES;
				CLANG_WARN_BOOL_CONVERSION = YES;
				CLANG_WARN_COMMA = YES;
				CLANG_WARN_CONSTANT_CONVERSION = YES;
				CLANG_WARN_DEPRECATED_OBJC_IMPLEMENTATIONS = YES;
				CLANG_WARN_DIRECT_OBJC_ISA_USAGE = YES_ERROR;
				CLANG_WARN_DOCUMENTATION_COMMENTS = YES;
				CLANG_WARN_EMPTY_BODY = YES;
				CLANG_WARN_ENUM_CONVERSION = YES;
				CLANG_WARN_INFINITE_RECURSION = YES;
				CLANG_WARN_INT_CONVERSION = YES;
				CLANG_WARN_NON_LITERAL_NULL_CONVERSION = YES;
				CLANG_WARN_OBJC_IMPLICIT_RETAIN_SELF = YES;
				CLANG_WARN_OBJC_LITERAL_CONVERSION = YES;
				CLANG_WARN_OBJC_ROOT_CLASS = YES_ERROR;
				CLANG_WARN_QUOTED_INCLUDE_IN_FRAMEWORK_HEADER = YES;
				CLANG_WARN_RANGE_LOOP_ANALYSIS = YES;
				CLANG_WARN_STRICT_PROTOTYPES = YES;
				CLANG_WARN_SUSPICIOUS_MOVE = YES;
				CLANG_WARN_UNGUARDED_AVAILABILITY = YES_AGGRESSIVE;
				CLANG_WARN_UNREACHABLE_CODE = YES;
				CLANG_WARN__DUPLICATE_METHOD_MATCH = YES;
				COPY_PHASE_STRIP = NO;
				DEBUG_INFORMATION_FORMAT = dwarf;
				ENABLE_STRICT_OBJC_MSGSEND = YES;
				ENABLE_TESTABILITY = YES;
				GCC_C_LANGUAGE_STANDARD = gnu11;
				GCC_DYNAMIC_NO_PIC = NO;
				GCC_NO_COMMON_BLOCKS = YES;
				GCC_OPTIMIZATION_LEVEL = 0;
				GCC_PREPROCESSOR_DEFINITIONS = (
					"DEBUG=1",
					"$(inherited)",
				);
				GCC_WARN_64_TO_32_BIT_CONVERSION = YES;
				GCC_WARN_ABOUT_RETURN_TYPE = YES_ERROR;
				GCC_WARN_UNDECLARED_SELECTOR = YES;
				GCC_WARN_UNINITIALIZED_AUTOS = YES_AGGRESSIVE;
				GCC_WARN_UNUSED_FUNCTION = YES;
				GCC_WARN_UNUSED_VARIABLE = YES;
				IPHONEOS_DEPLOYMENT_TARGET = 16.2;
				MTL_ENABLE_DEBUG_INFO = INCLUDE_SOURCE;
				MTL_FAST_MATH = YES;
				ONLY_ACTIVE_ARCH = YES;
				SDKROOT = iphoneos;
				SWIFT_ACTIVE_COMPILATION_CONDITIONS = DEBUG;
				SWIFT_OPTIMIZATION_LEVEL = "-Onone";
			};
			name = Debug;
		};
		8248217D29C40EAB00EDBFFD /* Release */ = {
			isa = XCBuildConfiguration;
			buildSettings = {
				ALWAYS_SEARCH_USER_PATHS = NO;
				CLANG_ANALYZER_NONNULL = YES;
				CLANG_ANALYZER_NUMBER_OBJECT_CONVERSION = YES_AGGRESSIVE;
				CLANG_CXX_LANGUAGE_STANDARD = "gnu++20";
				CLANG_ENABLE_MODULES = YES;
				CLANG_ENABLE_OBJC_ARC = YES;
				CLANG_ENABLE_OBJC_WEAK = YES;
				CLANG_WARN_BLOCK_CAPTURE_AUTORELEASING = YES;
				CLANG_WARN_BOOL_CONVERSION = YES;
				CLANG_WARN_COMMA = YES;
				CLANG_WARN_CONSTANT_CONVERSION = YES;
				CLANG_WARN_DEPRECATED_OBJC_IMPLEMENTATIONS = YES;
				CLANG_WARN_DIRECT_OBJC_ISA_USAGE = YES_ERROR;
				CLANG_WARN_DOCUMENTATION_COMMENTS = YES;
				CLANG_WARN_EMPTY_BODY = YES;
				CLANG_WARN_ENUM_CONVERSION = YES;
				CLANG_WARN_INFINITE_RECURSION = YES;
				CLANG_WARN_INT_CONVERSION = YES;
				CLANG_WARN_NON_LITERAL_NULL_CONVERSION = YES;
				CLANG_WARN_OBJC_IMPLICIT_RETAIN_SELF = YES;
				CLANG_WARN_OBJC_LITERAL_CONVERSION = YES;
				CLANG_WARN_OBJC_ROOT_CLASS = YES_ERROR;
				CLANG_WARN_QUOTED_INCLUDE_IN_FRAMEWORK_HEADER = YES;
				CLANG_WARN_RANGE_LOOP_ANALYSIS = YES;
				CLANG_WARN_STRICT_PROTOTYPES = YES;
				CLANG_WARN_SUSPICIOUS_MOVE = YES;
				CLANG_WARN_UNGUARDED_AVAILABILITY = YES_AGGRESSIVE;
				CLANG_WARN_UNREACHABLE_CODE = YES;
				CLANG_WARN__DUPLICATE_METHOD_MATCH = YES;
				COPY_PHASE_STRIP = NO;
				DEBUG_INFORMATION_FORMAT = "dwarf-with-dsym";
				ENABLE_NS_ASSERTIONS = NO;
				ENABLE_STRICT_OBJC_MSGSEND = YES;
				GCC_C_LANGUAGE_STANDARD = gnu11;
				GCC_NO_COMMON_BLOCKS = YES;
				GCC_WARN_64_TO_32_BIT_CONVERSION = YES;
				GCC_WARN_ABOUT_RETURN_TYPE = YES_ERROR;
				GCC_WARN_UNDECLARED_SELECTOR = YES;
				GCC_WARN_UNINITIALIZED_AUTOS = YES_AGGRESSIVE;
				GCC_WARN_UNUSED_FUNCTION = YES;
				GCC_WARN_UNUSED_VARIABLE = YES;
				IPHONEOS_DEPLOYMENT_TARGET = 16.2;
				MTL_ENABLE_DEBUG_INFO = NO;
				MTL_FAST_MATH = YES;
				SDKROOT = iphoneos;
				SWIFT_COMPILATION_MODE = wholemodule;
				SWIFT_OPTIMIZATION_LEVEL = "-O";
				VALIDATE_PRODUCT = YES;
			};
			name = Release;
		};
		8248217F29C40EAB00EDBFFD /* Debug */ = {
			isa = XCBuildConfiguration;
			buildSettings = {
				ASSETCATALOG_COMPILER_APPICON_NAME = AppIcon;
				ASSETCATALOG_COMPILER_GLOBAL_ACCENT_COLOR_NAME = AccentColor;
				CODE_SIGN_STYLE = Automatic;
				CURRENT_PROJECT_VERSION = 1;
				DEVELOPMENT_ASSET_PATHS = "\"MyFruitMart/Preview Content\"";
				ENABLE_PREVIEWS = YES;
				GENERATE_INFOPLIST_FILE = YES;
				INFOPLIST_KEY_UIApplicationSceneManifest_Generation = YES;
				INFOPLIST_KEY_UIApplicationSupportsIndirectInputEvents = YES;
				INFOPLIST_KEY_UILaunchScreen_Generation = YES;
				INFOPLIST_KEY_UISupportedInterfaceOrientations_iPad = "UIInterfaceOrientationPortrait UIInterfaceOrientationPortraitUpsideDown UIInterfaceOrientationLandscapeLeft UIInterfaceOrientationLandscapeRight";
				INFOPLIST_KEY_UISupportedInterfaceOrientations_iPhone = "UIInterfaceOrientationPortrait UIInterfaceOrientationLandscapeLeft UIInterfaceOrientationLandscapeRight";
				LD_RUNPATH_SEARCH_PATHS = (
					"$(inherited)",
					"@executable_path/Frameworks",
				);
				MARKETING_VERSION = 1.0;
				PRODUCT_BUNDLE_IDENTIFIER = kr.ac.knu.pooya98.MyFruitMart;
				PRODUCT_NAME = "$(TARGET_NAME)";
				SWIFT_EMIT_LOC_STRINGS = YES;
				SWIFT_VERSION = 5.0;
				TARGETED_DEVICE_FAMILY = "1,2";
			};
			name = Debug;
		};
		8248218029C40EAB00EDBFFD /* Release */ = {
			isa = XCBuildConfiguration;
			buildSettings = {
				ASSETCATALOG_COMPILER_APPICON_NAME = AppIcon;
				ASSETCATALOG_COMPILER_GLOBAL_ACCENT_COLOR_NAME = AccentColor;
				CODE_SIGN_STYLE = Automatic;
				CURRENT_PROJECT_VERSION = 1;
				DEVELOPMENT_ASSET_PATHS = "\"MyFruitMart/Preview Content\"";
				ENABLE_PREVIEWS = YES;
				GENERATE_INFOPLIST_FILE = YES;
				INFOPLIST_KEY_UIApplicationSceneManifest_Generation = YES;
				INFOPLIST_KEY_UIApplicationSupportsIndirectInputEvents = YES;
				INFOPLIST_KEY_UILaunchScreen_Generation = YES;
				INFOPLIST_KEY_UISupportedInterfaceOrientations_iPad = "UIInterfaceOrientationPortrait UIInterfaceOrientationPortraitUpsideDown UIInterfaceOrientationLandscapeLeft UIInterfaceOrientationLandscapeRight";
				INFOPLIST_KEY_UISupportedInterfaceOrientations_iPhone = "UIInterfaceOrientationPortrait UIInterfaceOrientationLandscapeLeft UIInterfaceOrientationLandscapeRight";
				LD_RUNPATH_SEARCH_PATHS = (
					"$(inherited)",
					"@executable_path/Frameworks",
				);
				MARKETING_VERSION = 1.0;
				PRODUCT_BUNDLE_IDENTIFIER = kr.ac.knu.pooya98.MyFruitMart;
				PRODUCT_NAME = "$(TARGET_NAME)";
				SWIFT_EMIT_LOC_STRINGS = YES;
				SWIFT_VERSION = 5.0;
				TARGETED_DEVICE_FAMILY = "1,2";
			};
			name = Release;
		};
/* End XCBuildConfiguration section */

/* Begin XCConfigurationList section */
		8248216B29C40EAA00EDBFFD /* Build configuration list for PBXProject "MyFruitMart" */ = {
			isa = XCConfigurationList;
			buildConfigurations = (
				8248217C29C40EAB00EDBFFD /* Debug */,
				8248217D29C40EAB00EDBFFD /* Release */,
			);
			defaultConfigurationIsVisible = 0;
			defaultConfigurationName = Release;
		};
		8248217E29C40EAB00EDBFFD /* Build configuration list for PBXNativeTarget "MyFruitMart" */ = {
			isa = XCConfigurationList;
			buildConfigurations = (
				8248217F29C40EAB00EDBFFD /* Debug */,
				8248218029C40EAB00EDBFFD /* Release */,
			);
			defaultConfigurationIsVisible = 0;
			defaultConfigurationName = Release;
		};
/* End XCConfigurationList section */
	};
	rootObject = 8248216829C40EAA00EDBFFD /* Project object */;
}
